
Microsoft Visual Studio Solution File, Format Version 12.00
# Visual Studio Version 16
VisualStudioVersion = 16.0.31624.102
MinimumVisualStudioVersion = 10.0.40219.1
Project("{FAE04EC0-301F-11D3-BF4B-00C04F79EFBC}") = "Mission02_Revision_2emeSLAM", "Mission02_Revision_2emeSLAM\Mission02_Revision_2emeSLAM.csproj", "{533A879D-DBFF-4089-8EAD-0EC24EC2F203}"
EndProject
Global
	GlobalSection(SolutionConfigurationPlatforms) = preSolution
		Debug|Any CPU = Debug|Any CPU
		Release|Any CPU = Release|Any CPU
	EndGlobalSection
	GlobalSection(ProjectConfigurationPlatforms) = postSolution
		{533A879D-DBFF-4089-8EAD-0EC24EC2F203}.Debug|Any CPU.ActiveCfg = Debug|Any CPU
		{533A879D-DBFF-4089-8EAD-0EC24EC2F203}.Debug|Any CPU.Build.0 = Debug|Any CPU
		{533A879D-DBFF-4089-8EAD-0EC24EC2F203}.Release|Any CPU.ActiveCfg = Release|Any CPU
		{533A879D-DBFF-4089-8EAD-0EC24EC2F203}.Release|Any CPU.Build.0 = Release|Any CPU
	EndGlobalSection
	GlobalSection(SolutionProperties) = preSolution
		HideSolutionNode = FALSE
	EndGlobalSection
	GlobalSection(ExtensibilityGlobals) = postSolution
		SolutionGuid = {423AA3E5-C475-442A-A400-601655883EC6}
	EndGlobalSection
EndGlobal
